// !$*UTF8*$!
{
	archiveVersion = 1;
	classes = {
	};
	objectVersion = 56;
	objects = {

/* Begin PBXBuildFile section */
		EB4AB5CB28EB3A0A0031DAC8 /* CurrencyCalculatorApp.swift in Sources */ = {isa = PBXBuildFile; fileRef = EB4AB5CA28EB3A0A0031DAC8 /* CurrencyCalculatorApp.swift */; };
		EB4AB5CF28EB3A0B0031DAC8 /* Assets.xcassets in Resources */ = {isa = PBXBuildFile; fileRef = EB4AB5CE28EB3A0B0031DAC8 /* Assets.xcassets */; };
		EB4AB5D328EB3A0B0031DAC8 /* Preview Assets.xcassets in Resources */ = {isa = PBXBuildFile; fileRef = EB4AB5D228EB3A0B0031DAC8 /* Preview Assets.xcassets */; };
		EB4AB5DD28EB3A0B0031DAC8 /* CurrencyCalculatorTests.swift in Sources */ = {isa = PBXBuildFile; fileRef = EB4AB5DC28EB3A0B0031DAC8 /* CurrencyCalculatorTests.swift */; };
		EB4AB5E728EB3A0B0031DAC8 /* CurrencyCalculatorUITests.swift in Sources */ = {isa = PBXBuildFile; fileRef = EB4AB5E628EB3A0B0031DAC8 /* CurrencyCalculatorUITests.swift */; };
		EB4AB5E928EB3A0B0031DAC8 /* CurrencyCalculatorUITestsLaunchTests.swift in Sources */ = {isa = PBXBuildFile; fileRef = EB4AB5E828EB3A0B0031DAC8 /* CurrencyCalculatorUITestsLaunchTests.swift */; };
		EB4AB5FA28EB3B320031DAC8 /* RequestProtocol.swift in Sources */ = {isa = PBXBuildFile; fileRef = EB4AB5F928EB3B320031DAC8 /* RequestProtocol.swift */; };
		EB4AB5FC28EB3CD60031DAC8 /* RequestType.swift in Sources */ = {isa = PBXBuildFile; fileRef = EB4AB5FB28EB3CD60031DAC8 /* RequestType.swift */; };
		EB4AB5FE28EB3F1B0031DAC8 /* APIConstants.swift in Sources */ = {isa = PBXBuildFile; fileRef = EB4AB5FD28EB3F1B0031DAC8 /* APIConstants.swift */; };
		EB5D767328EEF03300660BC4 /* Symbol.swift in Sources */ = {isa = PBXBuildFile; fileRef = EB5D767228EEF03300660BC4 /* Symbol.swift */; };
		EB5D767628EEF10600660BC4 /* SymbolsRequest.swift in Sources */ = {isa = PBXBuildFile; fileRef = EB5D767528EEF10600660BC4 /* SymbolsRequest.swift */; };
		EB5D767A28EEF57F00660BC4 /* AllCurrencies.swift in Sources */ = {isa = PBXBuildFile; fileRef = EB5D767928EEF57F00660BC4 /* AllCurrencies.swift */; };
		EB5D767D28EF198300660BC4 /* AccessTokenManager.swift in Sources */ = {isa = PBXBuildFile; fileRef = EB5D767C28EF198300660BC4 /* AccessTokenManager.swift */; };
		EB5D768528EF1B0F00660BC4 /* APIManagerMock.swift in Sources */ = {isa = PBXBuildFile; fileRef = EB5D768428EF1B0F00660BC4 /* APIManagerMock.swift */; };
		EB5D768728EF1B9200660BC4 /* AccessTokenTestHelper.swift in Sources */ = {isa = PBXBuildFile; fileRef = EB5D768628EF1B9200660BC4 /* AccessTokenTestHelper.swift */; };
		EB5D768A28EF1CAA00660BC4 /* APIToken.swift in Sources */ = {isa = PBXBuildFile; fileRef = EB5D768928EF1CAA00660BC4 /* APIToken.swift */; };
		EBA0BAC428EB4F7800B18F74 /* NetworkError.swift in Sources */ = {isa = PBXBuildFile; fileRef = EBA0BAC328EB4F7800B18F74 /* NetworkError.swift */; };
		EBA0BAC728EB528B00B18F74 /* APIManager.swift in Sources */ = {isa = PBXBuildFile; fileRef = EBA0BAC628EB528B00B18F74 /* APIManager.swift */; };
		EBA0BAC928EB54D000B18F74 /* RequestManager.swift in Sources */ = {isa = PBXBuildFile; fileRef = EBA0BAC828EB54D000B18F74 /* RequestManager.swift */; };
		EBA0BACC28EB704B00B18F74 /* DataParser.swift in Sources */ = {isa = PBXBuildFile; fileRef = EBA0BACB28EB704B00B18F74 /* DataParser.swift */; };
		EBA0BACF28EC8D8900B18F74 /* AuthTokenRequest.swift in Sources */ = {isa = PBXBuildFile; fileRef = EBA0BACE28EC8D8900B18F74 /* AuthTokenRequest.swift */; };
		EBC01B5D2904D801008FC85B /* CurrencyCalculator.xcdatamodeld in Sources */ = {isa = PBXBuildFile; fileRef = EBC01B5B2904D801008FC85B /* CurrencyCalculator.xcdatamodeld */; };
		EBF58B2D2905C1830033D486 /* Persistence.swift in Sources */ = {isa = PBXBuildFile; fileRef = EBF58B2C2905C1830033D486 /* Persistence.swift */; };
		EBF58B302905C5350033D486 /* ConvertRequest.swift in Sources */ = {isa = PBXBuildFile; fileRef = EBF58B2F2905C5350033D486 /* ConvertRequest.swift */; };
		EBF58B322905CAC50033D486 /* Convert.swift in Sources */ = {isa = PBXBuildFile; fileRef = EBF58B312905CAC50033D486 /* Convert.swift */; };
		EBF58B352905CD9B0033D486 /* FluctuationRequest.swift in Sources */ = {isa = PBXBuildFile; fileRef = EBF58B342905CD9B0033D486 /* FluctuationRequest.swift */; };
		EBF58B382905D7970033D486 /* ArrayUtils.swift in Sources */ = {isa = PBXBuildFile; fileRef = EBF58B372905D7970033D486 /* ArrayUtils.swift */; };
		EBF58B3A2905DAFC0033D486 /* Fluctuation.swift in Sources */ = {isa = PBXBuildFile; fileRef = EBF58B392905DAFC0033D486 /* Fluctuation.swift */; };
		EBF58B3C2905DF510033D486 /* LatestRate.swift in Sources */ = {isa = PBXBuildFile; fileRef = EBF58B3B2905DF510033D486 /* LatestRate.swift */; };
		EBF58B3F2905DFD90033D486 /* LatestRatesRequest.swift in Sources */ = {isa = PBXBuildFile; fileRef = EBF58B3E2905DFD90033D486 /* LatestRatesRequest.swift */; };
/* End PBXBuildFile section */

/* Begin PBXContainerItemProxy section */
		EB4AB5D928EB3A0B0031DAC8 /* PBXContainerItemProxy */ = {
			isa = PBXContainerItemProxy;
			containerPortal = EB4AB5BF28EB3A0A0031DAC8 /* Project object */;
			proxyType = 1;
			remoteGlobalIDString = EB4AB5C628EB3A0A0031DAC8;
			remoteInfo = CurrencyCalculator;
		};
		EB4AB5E328EB3A0B0031DAC8 /* PBXContainerItemProxy */ = {
			isa = PBXContainerItemProxy;
			containerPortal = EB4AB5BF28EB3A0A0031DAC8 /* Project object */;
			proxyType = 1;
			remoteGlobalIDString = EB4AB5C628EB3A0A0031DAC8;
			remoteInfo = CurrencyCalculator;
		};
/* End PBXContainerItemProxy section */

/* Begin PBXFileReference section */
		EB4AB5C728EB3A0A0031DAC8 /* CurrencyCalculator.app */ = {isa = PBXFileReference; explicitFileType = wrapper.application; includeInIndex = 0; path = CurrencyCalculator.app; sourceTree = BUILT_PRODUCTS_DIR; };
		EB4AB5CA28EB3A0A0031DAC8 /* CurrencyCalculatorApp.swift */ = {isa = PBXFileReference; lastKnownFileType = sourcecode.swift; path = CurrencyCalculatorApp.swift; sourceTree = "<group>"; };
		EB4AB5CE28EB3A0B0031DAC8 /* Assets.xcassets */ = {isa = PBXFileReference; lastKnownFileType = folder.assetcatalog; path = Assets.xcassets; sourceTree = "<group>"; };
		EB4AB5D028EB3A0B0031DAC8 /* CurrencyCalculator.entitlements */ = {isa = PBXFileReference; lastKnownFileType = text.plist.entitlements; path = CurrencyCalculator.entitlements; sourceTree = "<group>"; };
		EB4AB5D228EB3A0B0031DAC8 /* Preview Assets.xcassets */ = {isa = PBXFileReference; lastKnownFileType = folder.assetcatalog; path = "Preview Assets.xcassets"; sourceTree = "<group>"; };
		EB4AB5D828EB3A0B0031DAC8 /* CurrencyCalculatorTests.xctest */ = {isa = PBXFileReference; explicitFileType = wrapper.cfbundle; includeInIndex = 0; path = CurrencyCalculatorTests.xctest; sourceTree = BUILT_PRODUCTS_DIR; };
		EB4AB5DC28EB3A0B0031DAC8 /* CurrencyCalculatorTests.swift */ = {isa = PBXFileReference; lastKnownFileType = sourcecode.swift; path = CurrencyCalculatorTests.swift; sourceTree = "<group>"; };
		EB4AB5E228EB3A0B0031DAC8 /* CurrencyCalculatorUITests.xctest */ = {isa = PBXFileReference; explicitFileType = wrapper.cfbundle; includeInIndex = 0; path = CurrencyCalculatorUITests.xctest; sourceTree = BUILT_PRODUCTS_DIR; };
		EB4AB5E628EB3A0B0031DAC8 /* CurrencyCalculatorUITests.swift */ = {isa = PBXFileReference; lastKnownFileType = sourcecode.swift; path = CurrencyCalculatorUITests.swift; sourceTree = "<group>"; };
		EB4AB5E828EB3A0B0031DAC8 /* CurrencyCalculatorUITestsLaunchTests.swift */ = {isa = PBXFileReference; lastKnownFileType = sourcecode.swift; path = CurrencyCalculatorUITestsLaunchTests.swift; sourceTree = "<group>"; };
		EB4AB5F928EB3B320031DAC8 /* RequestProtocol.swift */ = {isa = PBXFileReference; lastKnownFileType = sourcecode.swift; path = RequestProtocol.swift; sourceTree = "<group>"; };
		EB4AB5FB28EB3CD60031DAC8 /* RequestType.swift */ = {isa = PBXFileReference; lastKnownFileType = sourcecode.swift; path = RequestType.swift; sourceTree = "<group>"; };
		EB4AB5FD28EB3F1B0031DAC8 /* APIConstants.swift */ = {isa = PBXFileReference; lastKnownFileType = sourcecode.swift; path = APIConstants.swift; sourceTree = "<group>"; };
		EB5D767228EEF03300660BC4 /* Symbol.swift */ = {isa = PBXFileReference; lastKnownFileType = sourcecode.swift; path = Symbol.swift; sourceTree = "<group>"; };
		EB5D767528EEF10600660BC4 /* SymbolsRequest.swift */ = {isa = PBXFileReference; lastKnownFileType = sourcecode.swift; path = SymbolsRequest.swift; sourceTree = "<group>"; };
		EB5D767928EEF57F00660BC4 /* AllCurrencies.swift */ = {isa = PBXFileReference; lastKnownFileType = sourcecode.swift; path = AllCurrencies.swift; sourceTree = "<group>"; };
		EB5D767C28EF198300660BC4 /* AccessTokenManager.swift */ = {isa = PBXFileReference; lastKnownFileType = sourcecode.swift; path = AccessTokenManager.swift; sourceTree = "<group>"; };
		EB5D768428EF1B0F00660BC4 /* APIManagerMock.swift */ = {isa = PBXFileReference; lastKnownFileType = sourcecode.swift; path = APIManagerMock.swift; sourceTree = "<group>"; };
		EB5D768628EF1B9200660BC4 /* AccessTokenTestHelper.swift */ = {isa = PBXFileReference; lastKnownFileType = sourcecode.swift; path = AccessTokenTestHelper.swift; sourceTree = "<group>"; };
		EB5D768928EF1CAA00660BC4 /* APIToken.swift */ = {isa = PBXFileReference; lastKnownFileType = sourcecode.swift; path = APIToken.swift; sourceTree = "<group>"; };
		EBA0BAC328EB4F7800B18F74 /* NetworkError.swift */ = {isa = PBXFileReference; lastKnownFileType = sourcecode.swift; path = NetworkError.swift; sourceTree = "<group>"; };
		EBA0BAC628EB528B00B18F74 /* APIManager.swift */ = {isa = PBXFileReference; lastKnownFileType = sourcecode.swift; path = APIManager.swift; sourceTree = "<group>"; };
		EBA0BAC828EB54D000B18F74 /* RequestManager.swift */ = {isa = PBXFileReference; lastKnownFileType = sourcecode.swift; path = RequestManager.swift; sourceTree = "<group>"; };
		EBA0BACB28EB704B00B18F74 /* DataParser.swift */ = {isa = PBXFileReference; lastKnownFileType = sourcecode.swift; path = DataParser.swift; sourceTree = "<group>"; };
		EBA0BACE28EC8D8900B18F74 /* AuthTokenRequest.swift */ = {isa = PBXFileReference; lastKnownFileType = sourcecode.swift; path = AuthTokenRequest.swift; sourceTree = "<group>"; };
		EBC01B5C2904D801008FC85B /* CurrencyCalculator.xcdatamodel */ = {isa = PBXFileReference; lastKnownFileType = wrapper.xcdatamodel; path = CurrencyCalculator.xcdatamodel; sourceTree = "<group>"; };
		EBF58B2C2905C1830033D486 /* Persistence.swift */ = {isa = PBXFileReference; lastKnownFileType = sourcecode.swift; path = Persistence.swift; sourceTree = "<group>"; };
		EBF58B2F2905C5350033D486 /* ConvertRequest.swift */ = {isa = PBXFileReference; lastKnownFileType = sourcecode.swift; path = ConvertRequest.swift; sourceTree = "<group>"; };
		EBF58B312905CAC50033D486 /* Convert.swift */ = {isa = PBXFileReference; lastKnownFileType = sourcecode.swift; path = Convert.swift; sourceTree = "<group>"; };
		EBF58B342905CD9B0033D486 /* FluctuationRequest.swift */ = {isa = PBXFileReference; lastKnownFileType = sourcecode.swift; path = FluctuationRequest.swift; sourceTree = "<group>"; };
		EBF58B372905D7970033D486 /* ArrayUtils.swift */ = {isa = PBXFileReference; lastKnownFileType = sourcecode.swift; path = ArrayUtils.swift; sourceTree = "<group>"; };
		EBF58B392905DAFC0033D486 /* Fluctuation.swift */ = {isa = PBXFileReference; lastKnownFileType = sourcecode.swift; path = Fluctuation.swift; sourceTree = "<group>"; };
		EBF58B3B2905DF510033D486 /* LatestRate.swift */ = {isa = PBXFileReference; lastKnownFileType = sourcecode.swift; path = LatestRate.swift; sourceTree = "<group>"; };
		EBF58B3E2905DFD90033D486 /* LatestRatesRequest.swift */ = {isa = PBXFileReference; lastKnownFileType = sourcecode.swift; path = LatestRatesRequest.swift; sourceTree = "<group>"; };
/* End PBXFileReference section */

/* Begin PBXFrameworksBuildPhase section */
		EB4AB5C428EB3A0A0031DAC8 /* Frameworks */ = {
			isa = PBXFrameworksBuildPhase;
			buildActionMask = 2147483647;
			files = (
			);
			runOnlyForDeploymentPostprocessing = 0;
		};
		EB4AB5D528EB3A0B0031DAC8 /* Frameworks */ = {
			isa = PBXFrameworksBuildPhase;
			buildActionMask = 2147483647;
			files = (
			);
			runOnlyForDeploymentPostprocessing = 0;
		};
		EB4AB5DF28EB3A0B0031DAC8 /* Frameworks */ = {
			isa = PBXFrameworksBuildPhase;
			buildActionMask = 2147483647;
			files = (
			);
			runOnlyForDeploymentPostprocessing = 0;
		};
/* End PBXFrameworksBuildPhase section */

/* Begin PBXGroup section */
		EB4AB5BE28EB3A0A0031DAC8 = {
			isa = PBXGroup;
			children = (
				EB4AB5C928EB3A0A0031DAC8 /* CurrencyCalculator */,
				EB4AB5DB28EB3A0B0031DAC8 /* CurrencyCalculatorTests */,
				EB4AB5E528EB3A0B0031DAC8 /* CurrencyCalculatorUITests */,
				EB4AB5C828EB3A0A0031DAC8 /* Products */,
			);
			sourceTree = "<group>";
		};
		EB4AB5C828EB3A0A0031DAC8 /* Products */ = {
			isa = PBXGroup;
			children = (
				EB4AB5C728EB3A0A0031DAC8 /* CurrencyCalculator.app */,
				EB4AB5D828EB3A0B0031DAC8 /* CurrencyCalculatorTests.xctest */,
				EB4AB5E228EB3A0B0031DAC8 /* CurrencyCalculatorUITests.xctest */,
			);
			name = Products;
			sourceTree = "<group>";
		};
		EB4AB5C928EB3A0A0031DAC8 /* CurrencyCalculator */ = {
			isa = PBXGroup;
			children = (
				EBF58B362905D7770033D486 /* Utiliy */,
				EB5D767728EEF52B00660BC4 /* views */,
				EB4AB5F528EB3AE10031DAC8 /* core */,
				EB4AB5CA28EB3A0A0031DAC8 /* CurrencyCalculatorApp.swift */,
				EB4AB5CE28EB3A0B0031DAC8 /* Assets.xcassets */,
				EB4AB5D028EB3A0B0031DAC8 /* CurrencyCalculator.entitlements */,
				EB4AB5D128EB3A0B0031DAC8 /* Preview Content */,
			);
			path = CurrencyCalculator;
			sourceTree = "<group>";
		};
		EB4AB5D128EB3A0B0031DAC8 /* Preview Content */ = {
			isa = PBXGroup;
			children = (
				EB4AB5D228EB3A0B0031DAC8 /* Preview Assets.xcassets */,
			);
			path = "Preview Content";
			sourceTree = "<group>";
		};
		EB4AB5DB28EB3A0B0031DAC8 /* CurrencyCalculatorTests */ = {
			isa = PBXGroup;
			children = (
				EB5D767E28EF1AC600660BC4 /* Tests */,
				EB4AB5DC28EB3A0B0031DAC8 /* CurrencyCalculatorTests.swift */,
			);
			path = CurrencyCalculatorTests;
			sourceTree = "<group>";
		};
		EB4AB5E528EB3A0B0031DAC8 /* CurrencyCalculatorUITests */ = {
			isa = PBXGroup;
			children = (
				EB4AB5E628EB3A0B0031DAC8 /* CurrencyCalculatorUITests.swift */,
				EB4AB5E828EB3A0B0031DAC8 /* CurrencyCalculatorUITestsLaunchTests.swift */,
			);
			path = CurrencyCalculatorUITests;
			sourceTree = "<group>";
		};
		EB4AB5F528EB3AE10031DAC8 /* core */ = {
			isa = PBXGroup;
			children = (
				EB4AB5F628EB3AED0031DAC8 /* data */,
			);
			path = core;
			sourceTree = "<group>";
		};
		EB4AB5F628EB3AED0031DAC8 /* data */ = {
			isa = PBXGroup;
			children = (
				EBC01B5A2904D753008FC85B /* coreData */,
				EB5D767028EEF01500660BC4 /* domain */,
				EB4AB5F728EB3AF50031DAC8 /* api */,
			);
			path = data;
			sourceTree = "<group>";
		};
		EB4AB5F728EB3AF50031DAC8 /* api */ = {
			isa = PBXGroup;
			children = (
				EB4AB5FD28EB3F1B0031DAC8 /* APIConstants.swift */,
				EB5D768828EF1C8700660BC4 /* model */,
				EB5D767B28EF197000660BC4 /* token */,
				EBA0BACA28EB702900B18F74 /* parser */,
				EBA0BAC528EB527000B18F74 /* network */,
				EB4AB5F828EB3B170031DAC8 /* request */,
			);
			path = api;
			sourceTree = "<group>";
		};
		EB4AB5F828EB3B170031DAC8 /* request */ = {
			isa = PBXGroup;
			children = (
				EBF58B3D2905DFC30033D486 /* Latest */,
				EBF58B332905CD7B0033D486 /* fluctuation */,
				EBF58B2E2905C5200033D486 /* convert */,
				EB5D767428EEF0CC00660BC4 /* symbols */,
				EBA0BACD28EC8D5B00B18F74 /* auth */,
				EB4AB5F928EB3B320031DAC8 /* RequestProtocol.swift */,
				EB4AB5FB28EB3CD60031DAC8 /* RequestType.swift */,
			);
			path = request;
			sourceTree = "<group>";
		};
		EB5D767028EEF01500660BC4 /* domain */ = {
			isa = PBXGroup;
			children = (
				EB5D767128EEF01E00660BC4 /* model */,
			);
			path = domain;
			sourceTree = "<group>";
		};
		EB5D767128EEF01E00660BC4 /* model */ = {
			isa = PBXGroup;
			children = (
				EB5D767228EEF03300660BC4 /* Symbol.swift */,
				EBF58B312905CAC50033D486 /* Convert.swift */,
				EBF58B392905DAFC0033D486 /* Fluctuation.swift */,
				EBF58B3B2905DF510033D486 /* LatestRate.swift */,
			);
			path = model;
			sourceTree = "<group>";
		};
		EB5D767428EEF0CC00660BC4 /* symbols */ = {
			isa = PBXGroup;
			children = (
				EB5D767528EEF10600660BC4 /* SymbolsRequest.swift */,
			);
			path = symbols;
			sourceTree = "<group>";
		};
		EB5D767728EEF52B00660BC4 /* views */ = {
			isa = PBXGroup;
			children = (
				EB5D767828EEF53F00660BC4 /* currency */,
			);
			path = views;
			sourceTree = "<group>";
		};
		EB5D767828EEF53F00660BC4 /* currency */ = {
			isa = PBXGroup;
			children = (
				EB5D767928EEF57F00660BC4 /* AllCurrencies.swift */,
			);
			path = currency;
			sourceTree = "<group>";
		};
		EB5D767B28EF197000660BC4 /* token */ = {
			isa = PBXGroup;
			children = (
				EB5D767C28EF198300660BC4 /* AccessTokenManager.swift */,
			);
			path = token;
			sourceTree = "<group>";
		};
		EB5D767E28EF1AC600660BC4 /* Tests */ = {
			isa = PBXGroup;
			children = (
				EB5D767F28EF1ACF00660BC4 /* Core */,
			);
			path = Tests;
			sourceTree = "<group>";
		};
		EB5D767F28EF1ACF00660BC4 /* Core */ = {
			isa = PBXGroup;
			children = (
				EB5D768028EF1AD600660BC4 /* data */,
			);
			path = Core;
			sourceTree = "<group>";
		};
		EB5D768028EF1AD600660BC4 /* data */ = {
			isa = PBXGroup;
			children = (
				EB5D768128EF1ADF00660BC4 /* api */,
			);
			path = data;
			sourceTree = "<group>";
		};
		EB5D768128EF1ADF00660BC4 /* api */ = {
			isa = PBXGroup;
			children = (
				EB5D768328EF1AF100660BC4 /* helper */,
				EB5D768228EF1AEA00660BC4 /* mock */,
			);
			path = api;
			sourceTree = "<group>";
		};
		EB5D768228EF1AEA00660BC4 /* mock */ = {
			isa = PBXGroup;
			children = (
				EB5D768428EF1B0F00660BC4 /* APIManagerMock.swift */,
			);
			path = mock;
			sourceTree = "<group>";
		};
		EB5D768328EF1AF100660BC4 /* helper */ = {
			isa = PBXGroup;
			children = (
				EB5D768628EF1B9200660BC4 /* AccessTokenTestHelper.swift */,
			);
			path = helper;
			sourceTree = "<group>";
		};
		EB5D768828EF1C8700660BC4 /* model */ = {
			isa = PBXGroup;
			children = (
				EB5D768928EF1CAA00660BC4 /* APIToken.swift */,
			);
			path = model;
			sourceTree = "<group>";
		};
		EBA0BAC528EB527000B18F74 /* network */ = {
			isa = PBXGroup;
			children = (
				EBA0BAC628EB528B00B18F74 /* APIManager.swift */,
				EBA0BAC328EB4F7800B18F74 /* NetworkError.swift */,
				EBA0BAC828EB54D000B18F74 /* RequestManager.swift */,
			);
			path = network;
			sourceTree = "<group>";
		};
		EBA0BACA28EB702900B18F74 /* parser */ = {
			isa = PBXGroup;
			children = (
				EBA0BACB28EB704B00B18F74 /* DataParser.swift */,
			);
			path = parser;
			sourceTree = "<group>";
		};
		EBA0BACD28EC8D5B00B18F74 /* auth */ = {
			isa = PBXGroup;
			children = (
				EBA0BACE28EC8D8900B18F74 /* AuthTokenRequest.swift */,
			);
			path = auth;
			sourceTree = "<group>";
		};
		EBC01B5A2904D753008FC85B /* coreData */ = {
			isa = PBXGroup;
			children = (
				EBC01B5B2904D801008FC85B /* CurrencyCalculator.xcdatamodeld */,
				EBF58B2C2905C1830033D486 /* Persistence.swift */,
			);
			path = coreData;
			sourceTree = "<group>";
		};
		EBF58B2E2905C5200033D486 /* convert */ = {
			isa = PBXGroup;
			children = (
				EBF58B2F2905C5350033D486 /* ConvertRequest.swift */,
			);
			path = convert;
			sourceTree = "<group>";
		};
		EBF58B332905CD7B0033D486 /* fluctuation */ = {
			isa = PBXGroup;
			children = (
				EBF58B342905CD9B0033D486 /* FluctuationRequest.swift */,
			);
			path = fluctuation;
			sourceTree = "<group>";
		};
		EBF58B362905D7770033D486 /* Utiliy */ = {
			isa = PBXGroup;
			children = (
				EBF58B372905D7970033D486 /* ArrayUtils.swift */,
			);
			path = Utiliy;
			sourceTree = "<group>";
		};
		EBF58B3D2905DFC30033D486 /* Latest */ = {
			isa = PBXGroup;
			children = (
				EBF58B3E2905DFD90033D486 /* LatestRatesRequest.swift */,
			);
			path = Latest;
			sourceTree = "<group>";
		};
/* End PBXGroup section */

/* Begin PBXNativeTarget section */
		EB4AB5C628EB3A0A0031DAC8 /* CurrencyCalculator */ = {
			isa = PBXNativeTarget;
			buildConfigurationList = EB4AB5EC28EB3A0B0031DAC8 /* Build configuration list for PBXNativeTarget "CurrencyCalculator" */;
			buildPhases = (
				EB4AB5C328EB3A0A0031DAC8 /* Sources */,
				EB4AB5C428EB3A0A0031DAC8 /* Frameworks */,
				EB4AB5C528EB3A0A0031DAC8 /* Resources */,
			);
			buildRules = (
			);
			dependencies = (
			);
			name = CurrencyCalculator;
			productName = CurrencyCalculator;
			productReference = EB4AB5C728EB3A0A0031DAC8 /* CurrencyCalculator.app */;
			productType = "com.apple.product-type.application";
		};
		EB4AB5D728EB3A0B0031DAC8 /* CurrencyCalculatorTests */ = {
			isa = PBXNativeTarget;
			buildConfigurationList = EB4AB5EF28EB3A0B0031DAC8 /* Build configuration list for PBXNativeTarget "CurrencyCalculatorTests" */;
			buildPhases = (
				EB4AB5D428EB3A0B0031DAC8 /* Sources */,
				EB4AB5D528EB3A0B0031DAC8 /* Frameworks */,
				EB4AB5D628EB3A0B0031DAC8 /* Resources */,
			);
			buildRules = (
			);
			dependencies = (
				EB4AB5DA28EB3A0B0031DAC8 /* PBXTargetDependency */,
			);
			name = CurrencyCalculatorTests;
			productName = CurrencyCalculatorTests;
			productReference = EB4AB5D828EB3A0B0031DAC8 /* CurrencyCalculatorTests.xctest */;
			productType = "com.apple.product-type.bundle.unit-test";
		};
		EB4AB5E128EB3A0B0031DAC8 /* CurrencyCalculatorUITests */ = {
			isa = PBXNativeTarget;
			buildConfigurationList = EB4AB5F228EB3A0B0031DAC8 /* Build configuration list for PBXNativeTarget "CurrencyCalculatorUITests" */;
			buildPhases = (
				EB4AB5DE28EB3A0B0031DAC8 /* Sources */,
				EB4AB5DF28EB3A0B0031DAC8 /* Frameworks */,
				EB4AB5E028EB3A0B0031DAC8 /* Resources */,
			);
			buildRules = (
			);
			dependencies = (
				EB4AB5E428EB3A0B0031DAC8 /* PBXTargetDependency */,
			);
			name = CurrencyCalculatorUITests;
			productName = CurrencyCalculatorUITests;
			productReference = EB4AB5E228EB3A0B0031DAC8 /* CurrencyCalculatorUITests.xctest */;
			productType = "com.apple.product-type.bundle.ui-testing";
		};
/* End PBXNativeTarget section */

/* Begin PBXProject section */
		EB4AB5BF28EB3A0A0031DAC8 /* Project object */ = {
			isa = PBXProject;
			attributes = {
				BuildIndependentTargetsInParallel = 1;
				LastSwiftUpdateCheck = 1400;
				LastUpgradeCheck = 1400;
				TargetAttributes = {
					EB4AB5C628EB3A0A0031DAC8 = {
						CreatedOnToolsVersion = 14.0.1;
					};
					EB4AB5D728EB3A0B0031DAC8 = {
						CreatedOnToolsVersion = 14.0.1;
						TestTargetID = EB4AB5C628EB3A0A0031DAC8;
					};
					EB4AB5E128EB3A0B0031DAC8 = {
						CreatedOnToolsVersion = 14.0.1;
						TestTargetID = EB4AB5C628EB3A0A0031DAC8;
					};
				};
			};
			buildConfigurationList = EB4AB5C228EB3A0A0031DAC8 /* Build configuration list for PBXProject "CurrencyCalculator" */;
			compatibilityVersion = "Xcode 14.0";
			developmentRegion = en;
			hasScannedForEncodings = 0;
			knownRegions = (
				en,
				Base,
			);
			mainGroup = EB4AB5BE28EB3A0A0031DAC8;
			productRefGroup = EB4AB5C828EB3A0A0031DAC8 /* Products */;
			projectDirPath = "";
			projectRoot = "";
			targets = (
				EB4AB5C628EB3A0A0031DAC8 /* CurrencyCalculator */,
				EB4AB5D728EB3A0B0031DAC8 /* CurrencyCalculatorTests */,
				EB4AB5E128EB3A0B0031DAC8 /* CurrencyCalculatorUITests */,
			);
		};
/* End PBXProject section */

/* Begin PBXResourcesBuildPhase section */
		EB4AB5C528EB3A0A0031DAC8 /* Resources */ = {
			isa = PBXResourcesBuildPhase;
			buildActionMask = 2147483647;
			files = (
				EB4AB5D328EB3A0B0031DAC8 /* Preview Assets.xcassets in Resources */,
				EB4AB5CF28EB3A0B0031DAC8 /* Assets.xcassets in Resources */,
			);
			runOnlyForDeploymentPostprocessing = 0;
		};
		EB4AB5D628EB3A0B0031DAC8 /* Resources */ = {
			isa = PBXResourcesBuildPhase;
			buildActionMask = 2147483647;
			files = (
			);
			runOnlyForDeploymentPostprocessing = 0;
		};
		EB4AB5E028EB3A0B0031DAC8 /* Resources */ = {
			isa = PBXResourcesBuildPhase;
			buildActionMask = 2147483647;
			files = (
			);
			runOnlyForDeploymentPostprocessing = 0;
		};
/* End PBXResourcesBuildPhase section */

/* Begin PBXSourcesBuildPhase section */
		EB4AB5C328EB3A0A0031DAC8 /* Sources */ = {
			isa = PBXSourcesBuildPhase;
			buildActionMask = 2147483647;
			files = (
				EB4AB5FA28EB3B320031DAC8 /* RequestProtocol.swift in Sources */,
				EBF58B322905CAC50033D486 /* Convert.swift in Sources */,
				EBF58B2D2905C1830033D486 /* Persistence.swift in Sources */,
				EBF58B382905D7970033D486 /* ArrayUtils.swift in Sources */,
				EB4AB5FE28EB3F1B0031DAC8 /* APIConstants.swift in Sources */,
				EBA0BACF28EC8D8900B18F74 /* AuthTokenRequest.swift in Sources */,
				EBF58B3A2905DAFC0033D486 /* Fluctuation.swift in Sources */,
				EB5D768A28EF1CAA00660BC4 /* APIToken.swift in Sources */,
				EBF58B3C2905DF510033D486 /* LatestRate.swift in Sources */,
				EBA0BAC928EB54D000B18F74 /* RequestManager.swift in Sources */,
				EB5D767D28EF198300660BC4 /* AccessTokenManager.swift in Sources */,
				EB5D767A28EEF57F00660BC4 /* AllCurrencies.swift in Sources */,
				EBF58B302905C5350033D486 /* ConvertRequest.swift in Sources */,
				EBA0BAC428EB4F7800B18F74 /* NetworkError.swift in Sources */,
				EBF58B3F2905DFD90033D486 /* LatestRatesRequest.swift in Sources */,
				EBC01B5D2904D801008FC85B /* CurrencyCalculator.xcdatamodeld in Sources */,
				EB5D767328EEF03300660BC4 /* Symbol.swift in Sources */,
				EB4AB5CB28EB3A0A0031DAC8 /* CurrencyCalculatorApp.swift in Sources */,
				EBF58B352905CD9B0033D486 /* FluctuationRequest.swift in Sources */,
				EB4AB5FC28EB3CD60031DAC8 /* RequestType.swift in Sources */,
				EB5D767628EEF10600660BC4 /* SymbolsRequest.swift in Sources */,
				EBA0BAC728EB528B00B18F74 /* APIManager.swift in Sources */,
				EBA0BACC28EB704B00B18F74 /* DataParser.swift in Sources */,
			);
			runOnlyForDeploymentPostprocessing = 0;
		};
		EB4AB5D428EB3A0B0031DAC8 /* Sources */ = {
			isa = PBXSourcesBuildPhase;
			buildActionMask = 2147483647;
			files = (
				EB5D768728EF1B9200660BC4 /* AccessTokenTestHelper.swift in Sources */,
				EB5D768528EF1B0F00660BC4 /* APIManagerMock.swift in Sources */,
				EB4AB5DD28EB3A0B0031DAC8 /* CurrencyCalculatorTests.swift in Sources */,
			);
			runOnlyForDeploymentPostprocessing = 0;
		};
		EB4AB5DE28EB3A0B0031DAC8 /* Sources */ = {
			isa = PBXSourcesBuildPhase;
			buildActionMask = 2147483647;
			files = (
				EB4AB5E728EB3A0B0031DAC8 /* CurrencyCalculatorUITests.swift in Sources */,
				EB4AB5E928EB3A0B0031DAC8 /* CurrencyCalculatorUITestsLaunchTests.swift in Sources */,
			);
			runOnlyForDeploymentPostprocessing = 0;
		};
/* End PBXSourcesBuildPhase section */

/* Begin PBXTargetDependency section */
		EB4AB5DA28EB3A0B0031DAC8 /* PBXTargetDependency */ = {
			isa = PBXTargetDependency;
			target = EB4AB5C628EB3A0A0031DAC8 /* CurrencyCalculator */;
			targetProxy = EB4AB5D928EB3A0B0031DAC8 /* PBXContainerItemProxy */;
		};
		EB4AB5E428EB3A0B0031DAC8 /* PBXTargetDependency */ = {
			isa = PBXTargetDependency;
			target = EB4AB5C628EB3A0A0031DAC8 /* CurrencyCalculator */;
			targetProxy = EB4AB5E328EB3A0B0031DAC8 /* PBXContainerItemProxy */;
		};
/* End PBXTargetDependency section */

/* Begin XCBuildConfiguration section */
		EB4AB5EA28EB3A0B0031DAC8 /* Debug */ = {
			isa = XCBuildConfiguration;
			buildSettings = {
				ALWAYS_SEARCH_USER_PATHS = NO;
				CLANG_ANALYZER_NONNULL = YES;
				CLANG_ANALYZER_NUMBER_OBJECT_CONVERSION = YES_AGGRESSIVE;
				CLANG_CXX_LANGUAGE_STANDARD = "gnu++20";
				CLANG_ENABLE_MODULES = YES;
				CLANG_ENABLE_OBJC_ARC = YES;
				CLANG_ENABLE_OBJC_WEAK = YES;
				CLANG_WARN_BLOCK_CAPTURE_AUTORELEASING = YES;
				CLANG_WARN_BOOL_CONVERSION = YES;
				CLANG_WARN_COMMA = YES;
				CLANG_WARN_CONSTANT_CONVERSION = YES;
				CLANG_WARN_DEPRECATED_OBJC_IMPLEMENTATIONS = YES;
				CLANG_WARN_DIRECT_OBJC_ISA_USAGE = YES_ERROR;
				CLANG_WARN_DOCUMENTATION_COMMENTS = YES;
				CLANG_WARN_EMPTY_BODY = YES;
				CLANG_WARN_ENUM_CONVERSION = YES;
				CLANG_WARN_INFINITE_RECURSION = YES;
				CLANG_WARN_INT_CONVERSION = YES;
				CLANG_WARN_NON_LITERAL_NULL_CONVERSION = YES;
				CLANG_WARN_OBJC_IMPLICIT_RETAIN_SELF = YES;
				CLANG_WARN_OBJC_LITERAL_CONVERSION = YES;
				CLANG_WARN_OBJC_ROOT_CLASS = YES_ERROR;
				CLANG_WARN_QUOTED_INCLUDE_IN_FRAMEWORK_HEADER = YES;
				CLANG_WARN_RANGE_LOOP_ANALYSIS = YES;
				CLANG_WARN_STRICT_PROTOTYPES = YES;
				CLANG_WARN_SUSPICIOUS_MOVE = YES;
				CLANG_WARN_UNGUARDED_AVAILABILITY = YES_AGGRESSIVE;
				CLANG_WARN_UNREACHABLE_CODE = YES;
				CLANG_WARN__DUPLICATE_METHOD_MATCH = YES;
				COPY_PHASE_STRIP = NO;
				DEBUG_INFORMATION_FORMAT = dwarf;
				ENABLE_STRICT_OBJC_MSGSEND = YES;
				ENABLE_TESTABILITY = YES;
				GCC_C_LANGUAGE_STANDARD = gnu11;
				GCC_DYNAMIC_NO_PIC = NO;
				GCC_NO_COMMON_BLOCKS = YES;
				GCC_OPTIMIZATION_LEVEL = 0;
				GCC_PREPROCESSOR_DEFINITIONS = (
					"DEBUG=1",
					"$(inherited)",
				);
				GCC_WARN_64_TO_32_BIT_CONVERSION = YES;
				GCC_WARN_ABOUT_RETURN_TYPE = YES_ERROR;
				GCC_WARN_UNDECLARED_SELECTOR = YES;
				GCC_WARN_UNINITIALIZED_AUTOS = YES_AGGRESSIVE;
				GCC_WARN_UNUSED_FUNCTION = YES;
				GCC_WARN_UNUSED_VARIABLE = YES;
				MTL_ENABLE_DEBUG_INFO = INCLUDE_SOURCE;
				MTL_FAST_MATH = YES;
				ONLY_ACTIVE_ARCH = YES;
				SWIFT_ACTIVE_COMPILATION_CONDITIONS = DEBUG;
				SWIFT_OPTIMIZATION_LEVEL = "-Onone";
			};
			name = Debug;
		};
		EB4AB5EB28EB3A0B0031DAC8 /* Release */ = {
			isa = XCBuildConfiguration;
			buildSettings = {
				ALWAYS_SEARCH_USER_PATHS = NO;
				CLANG_ANALYZER_NONNULL = YES;
				CLANG_ANALYZER_NUMBER_OBJECT_CONVERSION = YES_AGGRESSIVE;
				CLANG_CXX_LANGUAGE_STANDARD = "gnu++20";
				CLANG_ENABLE_MODULES = YES;
				CLANG_ENABLE_OBJC_ARC = YES;
				CLANG_ENABLE_OBJC_WEAK = YES;
				CLANG_WARN_BLOCK_CAPTURE_AUTORELEASING = YES;
				CLANG_WARN_BOOL_CONVERSION = YES;
				CLANG_WARN_COMMA = YES;
				CLANG_WARN_CONSTANT_CONVERSION = YES;
				CLANG_WARN_DEPRECATED_OBJC_IMPLEMENTATIONS = YES;
				CLANG_WARN_DIRECT_OBJC_ISA_USAGE = YES_ERROR;
				CLANG_WARN_DOCUMENTATION_COMMENTS = YES;
				CLANG_WARN_EMPTY_BODY = YES;
				CLANG_WARN_ENUM_CONVERSION = YES;
				CLANG_WARN_INFINITE_RECURSION = YES;
				CLANG_WARN_INT_CONVERSION = YES;
				CLANG_WARN_NON_LITERAL_NULL_CONVERSION = YES;
				CLANG_WARN_OBJC_IMPLICIT_RETAIN_SELF = YES;
				CLANG_WARN_OBJC_LITERAL_CONVERSION = YES;
				CLANG_WARN_OBJC_ROOT_CLASS = YES_ERROR;
				CLANG_WARN_QUOTED_INCLUDE_IN_FRAMEWORK_HEADER = YES;
				CLANG_WARN_RANGE_LOOP_ANALYSIS = YES;
				CLANG_WARN_STRICT_PROTOTYPES = YES;
				CLANG_WARN_SUSPICIOUS_MOVE = YES;
				CLANG_WARN_UNGUARDED_AVAILABILITY = YES_AGGRESSIVE;
				CLANG_WARN_UNREACHABLE_CODE = YES;
				CLANG_WARN__DUPLICATE_METHOD_MATCH = YES;
				COPY_PHASE_STRIP = NO;
				DEBUG_INFORMATION_FORMAT = "dwarf-with-dsym";
				ENABLE_NS_ASSERTIONS = NO;
				ENABLE_STRICT_OBJC_MSGSEND = YES;
				GCC_C_LANGUAGE_STANDARD = gnu11;
				GCC_NO_COMMON_BLOCKS = YES;
				GCC_WARN_64_TO_32_BIT_CONVERSION = YES;
				GCC_WARN_ABOUT_RETURN_TYPE = YES_ERROR;
				GCC_WARN_UNDECLARED_SELECTOR = YES;
				GCC_WARN_UNINITIALIZED_AUTOS = YES_AGGRESSIVE;
				GCC_WARN_UNUSED_FUNCTION = YES;
				GCC_WARN_UNUSED_VARIABLE = YES;
				MTL_ENABLE_DEBUG_INFO = NO;
				MTL_FAST_MATH = YES;
				SWIFT_COMPILATION_MODE = wholemodule;
				SWIFT_OPTIMIZATION_LEVEL = "-O";
			};
			name = Release;
		};
		EB4AB5ED28EB3A0B0031DAC8 /* Debug */ = {
			isa = XCBuildConfiguration;
			buildSettings = {
				ASSETCATALOG_COMPILER_APPICON_NAME = AppIcon;
				ASSETCATALOG_COMPILER_GLOBAL_ACCENT_COLOR_NAME = AccentColor;
				CODE_SIGN_ENTITLEMENTS = CurrencyCalculator/CurrencyCalculator.entitlements;
				CODE_SIGN_STYLE = Automatic;
				CURRENT_PROJECT_VERSION = 1;
				DEVELOPMENT_ASSET_PATHS = "\"CurrencyCalculator/Preview Content\"";
				DEVELOPMENT_TEAM = 8LB5H3R86N;
				ENABLE_HARDENED_RUNTIME = YES;
				ENABLE_PREVIEWS = YES;
				GENERATE_INFOPLIST_FILE = YES;
				INFOPLIST_KEY_CFBundleDisplayName = "Currency Calculator";
				INFOPLIST_KEY_LSApplicationCategoryType = "public.app-category.finance";
				"INFOPLIST_KEY_UIApplicationSceneManifest_Generation[sdk=iphoneos*]" = YES;
				"INFOPLIST_KEY_UIApplicationSceneManifest_Generation[sdk=iphonesimulator*]" = YES;
				"INFOPLIST_KEY_UIApplicationSupportsIndirectInputEvents[sdk=iphoneos*]" = YES;
				"INFOPLIST_KEY_UIApplicationSupportsIndirectInputEvents[sdk=iphonesimulator*]" = YES;
				"INFOPLIST_KEY_UILaunchScreen_Generation[sdk=iphoneos*]" = YES;
				"INFOPLIST_KEY_UILaunchScreen_Generation[sdk=iphonesimulator*]" = YES;
				"INFOPLIST_KEY_UIStatusBarStyle[sdk=iphoneos*]" = UIStatusBarStyleDefault;
				"INFOPLIST_KEY_UIStatusBarStyle[sdk=iphonesimulator*]" = UIStatusBarStyleDefault;
				INFOPLIST_KEY_UISupportedInterfaceOrientations_iPad = "UIInterfaceOrientationPortrait UIInterfaceOrientationPortraitUpsideDown UIInterfaceOrientationLandscapeLeft UIInterfaceOrientationLandscapeRight";
				INFOPLIST_KEY_UISupportedInterfaceOrientations_iPhone = "UIInterfaceOrientationPortrait UIInterfaceOrientationLandscapeLeft UIInterfaceOrientationLandscapeRight";
				IPHONEOS_DEPLOYMENT_TARGET = 15.3;
				LD_RUNPATH_SEARCH_PATHS = "@executable_path/Frameworks";
				"LD_RUNPATH_SEARCH_PATHS[sdk=macosx*]" = "@executable_path/../Frameworks";
				MACOSX_DEPLOYMENT_TARGET = 12.0;
				MARKETING_VERSION = 1.0;
				PRODUCT_BUNDLE_IDENTIFIER = com.jjamsoftware.com.CurrencyCalculator;
				PRODUCT_NAME = "$(TARGET_NAME)";
				SDKROOT = auto;
				SUPPORTED_PLATFORMS = "iphoneos iphonesimulator macosx";
				SWIFT_EMIT_LOC_STRINGS = YES;
				SWIFT_VERSION = 5.0;
				TARGETED_DEVICE_FAMILY = "1,2";
			};
			name = Debug;
		};
		EB4AB5EE28EB3A0B0031DAC8 /* Release */ = {
			isa = XCBuildConfiguration;
			buildSettings = {
				ASSETCATALOG_COMPILER_APPICON_NAME = AppIcon;
				ASSETCATALOG_COMPILER_GLOBAL_ACCENT_COLOR_NAME = AccentColor;
				CODE_SIGN_ENTITLEMENTS = CurrencyCalculator/CurrencyCalculator.entitlements;
				CODE_SIGN_STYLE = Automatic;
				CURRENT_PROJECT_VERSION = 1;
				DEVELOPMENT_ASSET_PATHS = "\"CurrencyCalculator/Preview Content\"";
				DEVELOPMENT_TEAM = 8LB5H3R86N;
				ENABLE_HARDENED_RUNTIME = YES;
				ENABLE_PREVIEWS = YES;
				GENERATE_INFOPLIST_FILE = YES;
				INFOPLIST_KEY_CFBundleDisplayName = "Currency Calculator";
				INFOPLIST_KEY_LSApplicationCategoryType = "public.app-category.finance";
				"INFOPLIST_KEY_UIApplicationSceneManifest_Generation[sdk=iphoneos*]" = YES;
				"INFOPLIST_KEY_UIApplicationSceneManifest_Generation[sdk=iphonesimulator*]" = YES;
				"INFOPLIST_KEY_UIApplicationSupportsIndirectInputEvents[sdk=iphoneos*]" = YES;
				"INFOPLIST_KEY_UIApplicationSupportsIndirectInputEvents[sdk=iphonesimulator*]" = YES;
				"INFOPLIST_KEY_UILaunchScreen_Generation[sdk=iphoneos*]" = YES;
				"INFOPLIST_KEY_UILaunchScreen_Generation[sdk=iphonesimulator*]" = YES;
				"INFOPLIST_KEY_UIStatusBarStyle[sdk=iphoneos*]" = UIStatusBarStyleDefault;
				"INFOPLIST_KEY_UIStatusBarStyle[sdk=iphonesimulator*]" = UIStatusBarStyleDefault;
				INFOPLIST_KEY_UISupportedInterfaceOrientations_iPad = "UIInterfaceOrientationPortrait UIInterfaceOrientationPortraitUpsideDown UIInterfaceOrientationLandscapeLeft UIInterfaceOrientationLandscapeRight";
				INFOPLIST_KEY_UISupportedInterfaceOrientations_iPhone = "UIInterfaceOrientationPortrait UIInterfaceOrientationLandscapeLeft UIInterfaceOrientationLandscapeRight";
				IPHONEOS_DEPLOYMENT_TARGET = 15.3;
				LD_RUNPATH_SEARCH_PATHS = "@executable_path/Frameworks";
				"LD_RUNPATH_SEARCH_PATHS[sdk=macosx*]" = "@executable_path/../Frameworks";
				MACOSX_DEPLOYMENT_TARGET = 12.0;
				MARKETING_VERSION = 1.0;
				PRODUCT_BUNDLE_IDENTIFIER = com.jjamsoftware.com.CurrencyCalculator;
				PRODUCT_NAME = "$(TARGET_NAME)";
				SDKROOT = auto;
				SUPPORTED_PLATFORMS = "iphoneos iphonesimulator macosx";
				SWIFT_EMIT_LOC_STRINGS = YES;
				SWIFT_VERSION = 5.0;
				TARGETED_DEVICE_FAMILY = "1,2";
			};
			name = Release;
		};
		EB4AB5F028EB3A0B0031DAC8 /* Debug */ = {
			isa = XCBuildConfiguration;
			buildSettings = {
				ALWAYS_EMBED_SWIFT_STANDARD_LIBRARIES = YES;
				BUNDLE_LOADER = "$(TEST_HOST)";
				CODE_SIGN_STYLE = Automatic;
				CURRENT_PROJECT_VERSION = 1;
				DEVELOPMENT_TEAM = 8LB5H3R86N;
				GENERATE_INFOPLIST_FILE = YES;
				IPHONEOS_DEPLOYMENT_TARGET = 16.0;
				MACOSX_DEPLOYMENT_TARGET = 12.3;
				MARKETING_VERSION = 1.0;
				PRODUCT_BUNDLE_IDENTIFIER = com.jjamsoftware.com.CurrencyCalculatorTests;
				PRODUCT_NAME = "$(TARGET_NAME)";
				SDKROOT = auto;
				SUPPORTED_PLATFORMS = "iphoneos iphonesimulator macosx";
				SWIFT_EMIT_LOC_STRINGS = NO;
				SWIFT_VERSION = 5.0;
				TARGETED_DEVICE_FAMILY = "1,2";
				TEST_HOST = "$(BUILT_PRODUCTS_DIR)/CurrencyCalculator.app/$(BUNDLE_EXECUTABLE_FOLDER_PATH)/CurrencyCalculator";
			};
			name = Debug;
		};
		EB4AB5F128EB3A0B0031DAC8 /* Release */ = {
			isa = XCBuildConfiguration;
			buildSettings = {
				ALWAYS_EMBED_SWIFT_STANDARD_LIBRARIES = YES;
				BUNDLE_LOADER = "$(TEST_HOST)";
				CODE_SIGN_STYLE = Automatic;
				CURRENT_PROJECT_VERSION = 1;
				DEVELOPMENT_TEAM = 8LB5H3R86N;
				GENERATE_INFOPLIST_FILE = YES;
				IPHONEOS_DEPLOYMENT_TARGET = 16.0;
				MACOSX_DEPLOYMENT_TARGET = 12.3;
				MARKETING_VERSION = 1.0;
				PRODUCT_BUNDLE_IDENTIFIER = com.jjamsoftware.com.CurrencyCalculatorTests;
				PRODUCT_NAME = "$(TARGET_NAME)";
				SDKROOT = auto;
				SUPPORTED_PLATFORMS = "iphoneos iphonesimulator macosx";
				SWIFT_EMIT_LOC_STRINGS = NO;
				SWIFT_VERSION = 5.0;
				TARGETED_DEVICE_FAMILY = "1,2";
				TEST_HOST = "$(BUILT_PRODUCTS_DIR)/CurrencyCalculator.app/$(BUNDLE_EXECUTABLE_FOLDER_PATH)/CurrencyCalculator";
			};
			name = Release;
		};
		EB4AB5F328EB3A0B0031DAC8 /* Debug */ = {
			isa = XCBuildConfiguration;
			buildSettings = {
				ALWAYS_EMBED_SWIFT_STANDARD_LIBRARIES = YES;
				CODE_SIGN_STYLE = Automatic;
				CURRENT_PROJECT_VERSION = 1;
				DEVELOPMENT_TEAM = 8LB5H3R86N;
				GENERATE_INFOPLIST_FILE = YES;
				IPHONEOS_DEPLOYMENT_TARGET = 16.0;
				MACOSX_DEPLOYMENT_TARGET = 12.3;
				MARKETING_VERSION = 1.0;
				PRODUCT_BUNDLE_IDENTIFIER = com.jjamsoftware.com.CurrencyCalculatorUITests;
				PRODUCT_NAME = "$(TARGET_NAME)";
				SDKROOT = auto;
				SUPPORTED_PLATFORMS = "iphoneos iphonesimulator macosx";
				SWIFT_EMIT_LOC_STRINGS = NO;
				SWIFT_VERSION = 5.0;
				TARGETED_DEVICE_FAMILY = "1,2";
				TEST_TARGET_NAME = CurrencyCalculator;
			};
			name = Debug;
		};
		EB4AB5F428EB3A0B0031DAC8 /* Release */ = {
			isa = XCBuildConfiguration;
			buildSettings = {
				ALWAYS_EMBED_SWIFT_STANDARD_LIBRARIES = YES;
				CODE_SIGN_STYLE = Automatic;
				CURRENT_PROJECT_VERSION = 1;
				DEVELOPMENT_TEAM = 8LB5H3R86N;
				GENERATE_INFOPLIST_FILE = YES;
				IPHONEOS_DEPLOYMENT_TARGET = 16.0;
				MACOSX_DEPLOYMENT_TARGET = 12.3;
				MARKETING_VERSION = 1.0;
				PRODUCT_BUNDLE_IDENTIFIER = com.jjamsoftware.com.CurrencyCalculatorUITests;
				PRODUCT_NAME = "$(TARGET_NAME)";
				SDKROOT = auto;
				SUPPORTED_PLATFORMS = "iphoneos iphonesimulator macosx";
				SWIFT_EMIT_LOC_STRINGS = NO;
				SWIFT_VERSION = 5.0;
				TARGETED_DEVICE_FAMILY = "1,2";
				TEST_TARGET_NAME = CurrencyCalculator;
			};
			name = Release;
		};
/* End XCBuildConfiguration section */

/* Begin XCConfigurationList section */
		EB4AB5C228EB3A0A0031DAC8 /* Build configuration list for PBXProject "CurrencyCalculator" */ = {
			isa = XCConfigurationList;
			buildConfigurations = (
				EB4AB5EA28EB3A0B0031DAC8 /* Debug */,
				EB4AB5EB28EB3A0B0031DAC8 /* Release */,
			);
			defaultConfigurationIsVisible = 0;
			defaultConfigurationName = Release;
		};
		EB4AB5EC28EB3A0B0031DAC8 /* Build configuration list for PBXNativeTarget "CurrencyCalculator" */ = {
			isa = XCConfigurationList;
			buildConfigurations = (
				EB4AB5ED28EB3A0B0031DAC8 /* Debug */,
				EB4AB5EE28EB3A0B0031DAC8 /* Release */,
			);
			defaultConfigurationIsVisible = 0;
			defaultConfigurationName = Release;
		};
		EB4AB5EF28EB3A0B0031DAC8 /* Build configuration list for PBXNativeTarget "CurrencyCalculatorTests" */ = {
			isa = XCConfigurationList;
			buildConfigurations = (
				EB4AB5F028EB3A0B0031DAC8 /* Debug */,
				EB4AB5F128EB3A0B0031DAC8 /* Release */,
			);
			defaultConfigurationIsVisible = 0;
			defaultConfigurationName = Release;
		};
		EB4AB5F228EB3A0B0031DAC8 /* Build configuration list for PBXNativeTarget "CurrencyCalculatorUITests" */ = {
			isa = XCConfigurationList;
			buildConfigurations = (
				EB4AB5F328EB3A0B0031DAC8 /* Debug */,
				EB4AB5F428EB3A0B0031DAC8 /* Release */,
			);
			defaultConfigurationIsVisible = 0;
			defaultConfigurationName = Release;
		};
/* End XCConfigurationList section */

/* Begin XCVersionGroup section */
		EBC01B5B2904D801008FC85B /* CurrencyCalculator.xcdatamodeld */ = {
			isa = XCVersionGroup;
			children = (
				EBC01B5C2904D801008FC85B /* CurrencyCalculator.xcdatamodel */,
			);
			currentVersion = EBC01B5C2904D801008FC85B /* CurrencyCalculator.xcdatamodel */;
			path = CurrencyCalculator.xcdatamodeld;
			sourceTree = "<group>";
			versionGroupType = wrapper.xcdatamodel;
		};
/* End XCVersionGroup section */
	};
	rootObject = EB4AB5BF28EB3A0A0031DAC8 /* Project object */;
}
